
Microsoft Visual Studio Solution File, Format Version 12.00
# Visual Studio Version 16
VisualStudioVersion = 16.0.31205.134
MinimumVisualStudioVersion = 10.0.40219.1
Project("{FAE04EC0-301F-11D3-BF4B-00C04F79EFBC}") = "Student", "Student.csproj", "{2549CF51-62DE-4D00-865E-83129644CE2C}"
EndProject
Global
	GlobalSection(SolutionConfigurationPlatforms) = preSolution
		Debug|Any CPU = Debug|Any CPU
		Release|Any CPU = Release|Any CPU
	EndGlobalSection
	GlobalSection(ProjectConfigurationPlatforms) = postSolution
		{2549CF51-62DE-4D00-865E-83129644CE2C}.Debug|Any CPU.ActiveCfg = Debug|Any CPU
		{2549CF51-62DE-4D00-865E-83129644CE2C}.Debug|Any CPU.Build.0 = Debug|Any CPU
		{2549CF51-62DE-4D00-865E-83129644CE2C}.Release|Any CPU.ActiveCfg = Release|Any CPU
		{2549CF51-62DE-4D00-865E-83129644CE2C}.Release|Any CPU.Build.0 = Release|Any CPU
	EndGlobalSection
	GlobalSection(SolutionProperties) = preSolution
		HideSolutionNode = FALSE
	EndGlobalSection
	GlobalSection(ExtensibilityGlobals) = postSolution
		SolutionGuid = {EE493A60-DDAC-4174-9D35-B69271DDDBAB}
	EndGlobalSection
EndGlobal
